<?xml version="1.0" encoding="UTF-8" standalone="yes" ?>
<CodeBlocks_project_file>
	<FileVersion major="1" minor="6" />
	<Project>
		<Option title="autorealm" />
		<Option pch_mode="2" />
		<Option compiler="gcc" />
		<Option virtualFolders="headers/;source/;" />
		<Build>
			<Target title="Debug">
				<Option output="../bin/debug/autorealm" prefix_auto="1" extension_auto="1" />
				<Option working_dir="../bin/debug" />
				<Option object_output="../obj/debug" />
				<Option type="1" />
				<Option compiler="gcc" />
				<Option use_console_runner="0" />
				<Option projectLinkerOptionsRelation="2" />
				<Compiler>
					<Add option="-std=c++0x" />
					<Add option="-pg" />
					<Add option="-g" />
				</Compiler>
				<Linker>
					<Add option="-pg" />
					<Add library="renderEngine-d" />
					<Add library="menuEngine-d" />
					<Add library="pluginEngine-d" />
					<Add directory="../bin/debug" />
				</Linker>
			</Target>
			<Target title="Release">
				<Option output="../bin/release/autorealm" prefix_auto="1" extension_auto="1" />
				<Option working_dir="../bin/release" />
				<Option object_output="../obj/release/" />
				<Option type="0" />
				<Option compiler="gcc" />
				<Option projectLinkerOptionsRelation="2" />
				<Compiler>
					<Add option="-O2" />
					<Add option="-std=c++0x" />
				</Compiler>
				<Linker>
					<Add option="-s" />
					<Add library="renderEngine" />
					<Add library="pluginEngine" />
					<Add library="menuEngine" />
					<Add directory="../bin/release" />
				</Linker>
			</Target>
		</Build>
		<Compiler>
			<Add option="-std=c++0x" />
			<Add option="-Wall" />
			<Add option="`wx-config --cppflags`" />
			<Add directory="../src" />
			<Add directory="renderEngine" />
			<Add directory="../../prj/Pluma-1.0/include" />
		</Compiler>
		<Linker>
			<Add option="`wx-config --libs aui gl adv core base `" />
			<Add library="GL" />
			<Add library="GLU" />
			<Add library="boost_filesystem" />
			<Add library="boost_system" />
			<Add library="pluma-d" />
			<Add directory="../../prj/Pluma-1.0/lib" />
		</Linker>
		<Unit filename="gui/App.cpp">
			<Option virtualFolder="source/" />
		</Unit>
		<Unit filename="gui/App.h">
			<Option virtualFolder="headers/" />
		</Unit>
		<Unit filename="gui/MainFrame.cpp">
			<Option virtualFolder="source/" />
		</Unit>
		<Unit filename="gui/MainFrame.h">
			<Option virtualFolder="headers/" />
		</Unit>
		<Unit filename="gui/RenderWindow.cpp">
			<Option virtualFolder="source/" />
		</Unit>
		<Unit filename="gui/RenderWindow.h">
			<Option virtualFolder="headers/" />
		</Unit>
		<Unit filename="gui/appconfig.cpp">
			<Option virtualFolder="source/" />
		</Unit>
		<Unit filename="gui/appconfig.h">
			<Option virtualFolder="headers/" />
		</Unit>
		<Unit filename="gui/id.cpp">
			<Option virtualFolder="source/" />
		</Unit>
		<Unit filename="gui/id.h">
			<Option virtualFolder="headers/" />
		</Unit>
		<Unit filename="gui/singleton.h">
			<Option virtualFolder="headers/" />
		</Unit>
		<Unit filename="gui/splash.cpp">
			<Option virtualFolder="source/" />
		</Unit>
		<Unit filename="gui/splash.h">
			<Option virtualFolder="headers/" />
		</Unit>
		<Unit filename="utils/textfile.cpp">
			<Option virtualFolder="source/" />
		</Unit>
		<Unit filename="utils/textfile.h">
			<Option virtualFolder="headers/" />
		</Unit>
		<Unit filename="utils/utils.cpp">
			<Option virtualFolder="source/" />
		</Unit>
		<Unit filename="utils/utils.h">
			<Option virtualFolder="headers/" />
		</Unit>
		<Extensions>
			<envvars />
			<code_completion />
			<lib_finder disable_auto="1" />
			<debugger />
			<DoxyBlocks>
				<comment_style block="0" line="0" />
				<doxyfile_project />
				<doxyfile_build />
				<doxyfile_warnings />
				<doxyfile_output />
				<doxyfile_dot />
				<general />
			</DoxyBlocks>
		</Extensions>
	</Project>
</CodeBlocks_project_file>
