<?xml version="1.0" encoding="UTF-8" standalone="yes" ?>
<CodeBlocks_project_file>
	<FileVersion major="1" minor="6" />
	<Project>
		<Option title="menuEngine" />
		<Option pch_mode="2" />
		<Option compiler="gcc" />
		<Option virtualFolders="source/;header/;" />
		<Build>
			<Target title="Debug">
				<Option output="../bin/debug/menuEngine-d" prefix_auto="1" extension_auto="1" />
				<Option object_output="../obj/debug/menuEngine" />
				<Option type="3" />
				<Option compiler="gcc" />
				<Option createDefFile="1" />
				<Option createStaticLib="1" />
				<Compiler>
					<Add option="-g" />
				</Compiler>
			</Target>
			<Target title="Release">
				<Option output="../bin/release/menuEngine" prefix_auto="1" extension_auto="1" />
				<Option object_output="../obj/release/menuEngine" />
				<Option type="3" />
				<Option compiler="gcc" />
				<Option createDefFile="1" />
				<Option createStaticLib="1" />
				<Compiler>
					<Add option="-O2" />
				</Compiler>
				<Linker>
					<Add option="-s" />
				</Linker>
			</Target>
		</Build>
		<Compiler>
			<Add option="-std=c++0x" />
			<Add option="-Wall" />
			<Add option="`wx-config --cppflags`" />
			<Add option="-fPIC" />
			<Add directory="../src" />
		</Compiler>
		<Linker>
			<Add option="`wx-config -libs aui core`" />
			<Add library="boost_filesystem" />
			<Add library="boost_system" />
		</Linker>
		<Unit filename="menuEngine/component.cpp">
			<Option compile="0" />
			<Option link="0" />
			<Option virtualFolder="source/" />
		</Unit>
		<Unit filename="menuEngine/component.h">
			<Option virtualFolder="header/" />
		</Unit>
		<Unit filename="menuEngine/composite.cpp">
			<Option compile="0" />
			<Option link="0" />
			<Option virtualFolder="source/" />
		</Unit>
		<Unit filename="menuEngine/composite.h">
			<Option virtualFolder="header/" />
		</Unit>
		<Unit filename="menuEngine/iterator.cpp">
			<Option compile="0" />
			<Option link="0" />
			<Option virtualFolder="source/" />
		</Unit>
		<Unit filename="menuEngine/iterator.h">
			<Option virtualFolder="header/" />
		</Unit>
		<Unit filename="menuEngine/leaf.cpp">
			<Option compile="0" />
			<Option link="0" />
			<Option virtualFolder="source/" />
		</Unit>
		<Unit filename="menuEngine/leaf.h">
			<Option virtualFolder="header/" />
		</Unit>
		<Unit filename="menuEngine/wxmenuconverter.cpp">
			<Option virtualFolder="source/" />
		</Unit>
		<Unit filename="menuEngine/wxmenuconverter.h">
			<Option virtualFolder="header/" />
		</Unit>
		<Unit filename="menuEngine/wxtoolbarconverter.cpp">
			<Option virtualFolder="source/" />
		</Unit>
		<Unit filename="menuEngine/wxtoolbarconverter.h">
			<Option virtualFolder="header/" />
		</Unit>
		<Extensions>
			<envvars />
			<code_completion />
			<debugger />
			<DoxyBlocks>
				<comment_style block="0" line="0" />
				<doxyfile_project />
				<doxyfile_build />
				<doxyfile_warnings />
				<doxyfile_output />
				<doxyfile_dot />
				<general />
			</DoxyBlocks>
		</Extensions>
	</Project>
</CodeBlocks_project_file>
