<?xml version="1.0" encoding="UTF-8" standalone="yes" ?>
<CodeBlocks_project_file>
	<FileVersion major="1" minor="6" />
	<Project>
		<Option title="pluginEngine" />
		<Option pch_mode="2" />
		<Option compiler="gcc" />
		<Option virtualFolders="header/;source/;" />
		<Build>
			<Target title="Debug">
				<Option output="../bin/debug/pluginEngine" prefix_auto="1" extension_auto="1" />
				<Option object_output="../obj/debug" />
				<Option type="3" />
				<Option compiler="gcc" />
				<Option createDefFile="1" />
				<Compiler>
					<Add option="-pg" />
					<Add option="-g" />
				</Compiler>
				<Linker>
					<Add option="-pg" />
				</Linker>
			</Target>
			<Target title="Release">
				<Option output="../bin/release/pluginEngine" prefix_auto="1" extension_auto="1" />
				<Option object_output="../obj/release" />
				<Option type="3" />
				<Option compiler="gcc" />
				<Option createDefFile="1" />
				<Option createStaticLib="1" />
				<Compiler>
					<Add option="-O2" />
				</Compiler>
				<Linker>
					<Add option="-s" />
				</Linker>
			</Target>
		</Build>
		<Compiler>
			<Add option="-std=c++11" />
			<Add option="-Wall" />
			<Add option="-fPIC" />
			<Add option="`wx-config --cppflags`" />
			<Add directory="../src" />
			<Add directory="../../pluma-fork/include" />
		</Compiler>
		<Linker>
			<Add directory="../../prj/Pluma-1.0/lib" />
		</Linker>
		<Unit filename="pluginEngine/drawer.cpp">
			<Option virtualFolder="source/" />
		</Unit>
		<Unit filename="pluginEngine/drawer.h">
			<Option virtualFolder="header/" />
		</Unit>
		<Unit filename="pluginEngine/mutator.h">
			<Option virtualFolder="header/" />
		</Unit>
		<Unit filename="pluginEngine/plugin.cpp">
			<Option virtualFolder="source/" />
		</Unit>
		<Unit filename="pluginEngine/plugin.h">
			<Option virtualFolder="header/" />
		</Unit>
		<Unit filename="pluginEngine/pluginprovider.cpp">
			<Option virtualFolder="source/" />
		</Unit>
		<Unit filename="pluginEngine/pluginprovider.h">
			<Option virtualFolder="header/" />
		</Unit>
		<Unit filename="pluginEngine/tprovider.h">
			<Option virtualFolder="header/" />
		</Unit>
		<Extensions>
			<code_completion />
			<debugger />
		</Extensions>
	</Project>
</CodeBlocks_project_file>
